
Microsoft Visual Studio Solution File, Format Version 12.00
# Visual Studio Version 17
VisualStudioVersion = 17.11.35312.102
MinimumVisualStudioVersion = 10.0.40219.1
Project("{FAE04EC0-301F-11D3-BF4B-00C04F79EFBC}") = "Calc.Business", "Calc.Business\Calc.Business.csproj", "{7E3BADF9-C3CA-4C11-9E23-7567460E8AFA}"
EndProject
Project("{FAE04EC0-301F-11D3-BF4B-00C04F79EFBC}") = "Calc.WinForms", "Calc.WinForms\Calc.WinForms.csproj", "{AF5980AC-589F-4F3C-B94A-F1D0349FCF32}"
EndProject
Project("{FAE04EC0-301F-11D3-BF4B-00C04F79EFBC}") = "Business.Tests", "Business.Tests\Business.Tests.csproj", "{F8F5D8E7-258F-4204-8699-DF11AE66EE4B}"
EndProject
Global
	GlobalSection(SolutionConfigurationPlatforms) = preSolution
		Debug|Any CPU = Debug|Any CPU
		Release|Any CPU = Release|Any CPU
	EndGlobalSection
	GlobalSection(ProjectConfigurationPlatforms) = postSolution
		{7E3BADF9-C3CA-4C11-9E23-7567460E8AFA}.Debug|Any CPU.ActiveCfg = Debug|Any CPU
		{7E3BADF9-C3CA-4C11-9E23-7567460E8AFA}.Debug|Any CPU.Build.0 = Debug|Any CPU
		{7E3BADF9-C3CA-4C11-9E23-7567460E8AFA}.Release|Any CPU.ActiveCfg = Release|Any CPU
		{7E3BADF9-C3CA-4C11-9E23-7567460E8AFA}.Release|Any CPU.Build.0 = Release|Any CPU
		{AF5980AC-589F-4F3C-B94A-F1D0349FCF32}.Debug|Any CPU.ActiveCfg = Debug|Any CPU
		{AF5980AC-589F-4F3C-B94A-F1D0349FCF32}.Debug|Any CPU.Build.0 = Debug|Any CPU
		{AF5980AC-589F-4F3C-B94A-F1D0349FCF32}.Release|Any CPU.ActiveCfg = Release|Any CPU
		{AF5980AC-589F-4F3C-B94A-F1D0349FCF32}.Release|Any CPU.Build.0 = Release|Any CPU
		{F8F5D8E7-258F-4204-8699-DF11AE66EE4B}.Debug|Any CPU.ActiveCfg = Debug|Any CPU
		{F8F5D8E7-258F-4204-8699-DF11AE66EE4B}.Debug|Any CPU.Build.0 = Debug|Any CPU
		{F8F5D8E7-258F-4204-8699-DF11AE66EE4B}.Release|Any CPU.ActiveCfg = Release|Any CPU
		{F8F5D8E7-258F-4204-8699-DF11AE66EE4B}.Release|Any CPU.Build.0 = Release|Any CPU
	EndGlobalSection
	GlobalSection(SolutionProperties) = preSolution
		HideSolutionNode = FALSE
	EndGlobalSection
	GlobalSection(ExtensibilityGlobals) = postSolution
		SolutionGuid = {87A61B38-8950-4F0D-9497-79197F5F878C}
	EndGlobalSection
EndGlobal
